{
  "name": "nucleo-ejemplo-erp-node",
  "version": "0.0.0",
  "lockfileVersion": 3,
  "requires": true,
  "packages": {
    "": {
      "name": "nucleo-ejemplo-erp-node",
      "version": "0.0.0",
      "license": "AGPL-3.0-or-later",
      "dependencies": {
        "@nucleoledger/verify": "0.2.0-alpha.0"
      },
      "engines": {
        "node": ">=20"
      }
    },
    "node_modules/@nucleoledger/verify": {
      "version": "0.2.0-alpha.0",
      "resolved": "https://registry.npmjs.org/@nucleoledger/verify/-/verify-0.2.0-alpha.0.tgz",
      "integrity": "sha512-v4Qq6X+DTiUnY3m71lgZHbMQoNg7T6bcHTj5O4dmFo22iTl+JtJCsNoPrAlO+s5lHH0k6qtAlG/AUcEuVOKGNg==",
      "license": "AGPL-3.0-or-later",
      "engines": {
        "node": ">=20"
      }
    }
  }
}
