{
  "name": "nucleo-ejemplo-erp-node",
  "version": "0.0.0",
  "lockfileVersion": 3,
  "requires": true,
  "packages": {
    "": {
      "name": "nucleo-ejemplo-erp-node",
      "version": "0.0.0",
      "license": "AGPL-3.0-or-later",
      "dependencies": {
        "@nucleoledger/verify": "0.3.0-alpha.0"
      },
      "engines": {
        "node": ">=20"
      }
    },
    "node_modules/@nucleoledger/verify": {
      "version": "0.3.0-alpha.0",
      "resolved": "https://registry.npmjs.org/@nucleoledger/verify/-/verify-0.3.0-alpha.0.tgz",
      "integrity": "sha512-+ebg8cUiSxkATNW/aCUnU0rcFqH15saDA0VuNQ/UVJh2z5z1nCiFAsEsfTLwsIKtyMJaDsCoocl9Dm6tccV/+g==",
      "license": "AGPL-3.0-or-later",
      "engines": {
        "node": ">=20"
      }
    }
  }
}
